
Microsoft Visual Studio Solution File, Format Version 12.00
# Visual Studio Version 17
VisualStudioVersion = 17.13.35806.99 d17.13
MinimumVisualStudioVersion = 10.0.40219.1
Project("{FAE04EC0-301F-11D3-BF4B-00C04F79EFBC}") = "ParkManagerAPI", "ParkManagerAPI.csproj", "{8086AF74-71D4-4C70-AE7D-5EB24218BC4B}"
EndProject
Global
	GlobalSection(SolutionConfigurationPlatforms) = preSolution
		Debug|Any CPU = Debug|Any CPU
		Release|Any CPU = Release|Any CPU
	EndGlobalSection
	GlobalSection(ProjectConfigurationPlatforms) = postSolution
		{8086AF74-71D4-4C70-AE7D-5EB24218BC4B}.Debug|Any CPU.ActiveCfg = Debug|Any CPU
		{8086AF74-71D4-4C70-AE7D-5EB24218BC4B}.Debug|Any CPU.Build.0 = Debug|Any CPU
		{8086AF74-71D4-4C70-AE7D-5EB24218BC4B}.Release|Any CPU.ActiveCfg = Release|Any CPU
		{8086AF74-71D4-4C70-AE7D-5EB24218BC4B}.Release|Any CPU.Build.0 = Release|Any CPU
	EndGlobalSection
	GlobalSection(SolutionProperties) = preSolution
		HideSolutionNode = FALSE
	EndGlobalSection
	GlobalSection(ExtensibilityGlobals) = postSolution
		SolutionGuid = {92C8CCBF-3C98-4545-AC12-2E5F03A3DB9D}
	EndGlobalSection
EndGlobal
